
Microsoft Visual Studio Solution File, Format Version 12.00
# Visual Studio Version 17
VisualStudioVersion = 17.9.34701.34
MinimumVisualStudioVersion = 10.0.40219.1
Project("{FAE04EC0-301F-11D3-BF4B-00C04F79EFBC}") = "208A", "208A.csproj", "{D6D18A9A-4732-4539-A7CD-E73D8B9572D8}"
EndProject
Global
	GlobalSection(SolutionConfigurationPlatforms) = preSolution
		Debug|Any CPU = Debug|Any CPU
		Release|Any CPU = Release|Any CPU
	EndGlobalSection
	GlobalSection(ProjectConfigurationPlatforms) = postSolution
		{D6D18A9A-4732-4539-A7CD-E73D8B9572D8}.Debug|Any CPU.ActiveCfg = Debug|Any CPU
		{D6D18A9A-4732-4539-A7CD-E73D8B9572D8}.Debug|Any CPU.Build.0 = Debug|Any CPU
		{D6D18A9A-4732-4539-A7CD-E73D8B9572D8}.Release|Any CPU.ActiveCfg = Release|Any CPU
		{D6D18A9A-4732-4539-A7CD-E73D8B9572D8}.Release|Any CPU.Build.0 = Release|Any CPU
	EndGlobalSection
	GlobalSection(SolutionProperties) = preSolution
		HideSolutionNode = FALSE
	EndGlobalSection
	GlobalSection(ExtensibilityGlobals) = postSolution
		SolutionGuid = {4D3E0C70-7851-41FC-90FE-E22306EA41F8}
	EndGlobalSection
EndGlobal
