
Microsoft Visual Studio Solution File, Format Version 12.00
# Visual Studio Version 16
VisualStudioVersion = 16.0.31515.178
MinimumVisualStudioVersion = 10.0.40219.1
Project("{FAE04EC0-301F-11D3-BF4B-00C04F79EFBC}") = "1360", "1360.csproj", "{9B9FEB56-0080-41DB-869B-E4B518BEF960}"
EndProject
Global
	GlobalSection(SolutionConfigurationPlatforms) = preSolution
		Debug|Any CPU = Debug|Any CPU
		Release|Any CPU = Release|Any CPU
	EndGlobalSection
	GlobalSection(ProjectConfigurationPlatforms) = postSolution
		{9B9FEB56-0080-41DB-869B-E4B518BEF960}.Debug|Any CPU.ActiveCfg = Debug|Any CPU
		{9B9FEB56-0080-41DB-869B-E4B518BEF960}.Debug|Any CPU.Build.0 = Debug|Any CPU
		{9B9FEB56-0080-41DB-869B-E4B518BEF960}.Release|Any CPU.ActiveCfg = Release|Any CPU
		{9B9FEB56-0080-41DB-869B-E4B518BEF960}.Release|Any CPU.Build.0 = Release|Any CPU
	EndGlobalSection
	GlobalSection(SolutionProperties) = preSolution
		HideSolutionNode = FALSE
	EndGlobalSection
	GlobalSection(ExtensibilityGlobals) = postSolution
		SolutionGuid = {093898D6-2EEB-4744-8FA4-7FF2097104D3}
	EndGlobalSection
EndGlobal
