
Microsoft Visual Studio Solution File, Format Version 12.00
# Visual Studio Version 17
VisualStudioVersion = 17.9.34701.34
MinimumVisualStudioVersion = 10.0.40219.1
Project("{FAE04EC0-301F-11D3-BF4B-00C04F79EFBC}") = "1335A", "1335A.csproj", "{A93DB34A-9760-4298-854F-389EA515DB2E}"
EndProject
Global
	GlobalSection(SolutionConfigurationPlatforms) = preSolution
		Debug|Any CPU = Debug|Any CPU
		Release|Any CPU = Release|Any CPU
	EndGlobalSection
	GlobalSection(ProjectConfigurationPlatforms) = postSolution
		{A93DB34A-9760-4298-854F-389EA515DB2E}.Debug|Any CPU.ActiveCfg = Debug|Any CPU
		{A93DB34A-9760-4298-854F-389EA515DB2E}.Debug|Any CPU.Build.0 = Debug|Any CPU
		{A93DB34A-9760-4298-854F-389EA515DB2E}.Release|Any CPU.ActiveCfg = Release|Any CPU
		{A93DB34A-9760-4298-854F-389EA515DB2E}.Release|Any CPU.Build.0 = Release|Any CPU
	EndGlobalSection
	GlobalSection(SolutionProperties) = preSolution
		HideSolutionNode = FALSE
	EndGlobalSection
	GlobalSection(ExtensibilityGlobals) = postSolution
		SolutionGuid = {1CE2CAD9-EAA1-4AFA-9E5C-A85AA453754D}
	EndGlobalSection
EndGlobal
